
Microsoft Visual Studio Solution File, Format Version 12.00
# Visual Studio Version 16
VisualStudioVersion = 16.0.32929.386
MinimumVisualStudioVersion = 10.0.40219.1
Project("{FAE04EC0-301F-11D3-BF4B-00C04F79EFBC}") = "WordPress2Blob", "WordPress2Blob\WordPress2Blob.csproj", "{D93D6CC5-5B3F-4650-8622-50121A494927}"
EndProject
Global
	GlobalSection(SolutionConfigurationPlatforms) = preSolution
		Debug|Any CPU = Debug|Any CPU
		Release|Any CPU = Release|Any CPU
	EndGlobalSection
	GlobalSection(ProjectConfigurationPlatforms) = postSolution
		{D93D6CC5-5B3F-4650-8622-50121A494927}.Debug|Any CPU.ActiveCfg = Debug|Any CPU
		{D93D6CC5-5B3F-4650-8622-50121A494927}.Debug|Any CPU.Build.0 = Debug|Any CPU
		{D93D6CC5-5B3F-4650-8622-50121A494927}.Release|Any CPU.ActiveCfg = Release|Any CPU
		{D93D6CC5-5B3F-4650-8622-50121A494927}.Release|Any CPU.Build.0 = Release|Any CPU
	EndGlobalSection
	GlobalSection(SolutionProperties) = preSolution
		HideSolutionNode = FALSE
	EndGlobalSection
	GlobalSection(ExtensibilityGlobals) = postSolution
		SolutionGuid = {D0D01DEE-8099-493B-A523-29A52B1FBB1C}
	EndGlobalSection
EndGlobal
